// !$*UTF8*$!
{
	archiveVersion = 1;
	classes = {
	};
	objectVersion = 55;
	objects = {

/* Begin PBXBuildFile section */
		3112C79D2780463400E6CD54 /* homeViewController.swift in Sources */ = {isa = PBXBuildFile; fileRef = 3112C79C2780463400E6CD54 /* homeViewController.swift */; };
		3112C79F2780465700E6CD54 /* lessonViewController.swift in Sources */ = {isa = PBXBuildFile; fileRef = 3112C79E2780465700E6CD54 /* lessonViewController.swift */; };
		3112C7A12780466A00E6CD54 /* compilerViewController.swift in Sources */ = {isa = PBXBuildFile; fileRef = 3112C7A02780466A00E6CD54 /* compilerViewController.swift */; };
		3112C7A7278046E300E6CD54 /* coursesViewController.swift in Sources */ = {isa = PBXBuildFile; fileRef = 3112C7A6278046E300E6CD54 /* coursesViewController.swift */; };
		3112C7A9278046EF00E6CD54 /* profileViewController.swift in Sources */ = {isa = PBXBuildFile; fileRef = 3112C7A8278046EF00E6CD54 /* profileViewController.swift */; };
		31905328277FD63100115013 /* AppDelegate.swift in Sources */ = {isa = PBXBuildFile; fileRef = 31905327277FD63100115013 /* AppDelegate.swift */; };
		3190532A277FD63100115013 /* SceneDelegate.swift in Sources */ = {isa = PBXBuildFile; fileRef = 31905329277FD63100115013 /* SceneDelegate.swift */; };
		3190532C277FD63100115013 /* ViewController.swift in Sources */ = {isa = PBXBuildFile; fileRef = 3190532B277FD63100115013 /* ViewController.swift */; };
		3190532F277FD63100115013 /* Main.storyboard in Resources */ = {isa = PBXBuildFile; fileRef = 3190532D277FD63100115013 /* Main.storyboard */; };
		31905331277FD63200115013 /* Assets.xcassets in Resources */ = {isa = PBXBuildFile; fileRef = 31905330277FD63200115013 /* Assets.xcassets */; };
		31905334277FD63200115013 /* LaunchScreen.storyboard in Resources */ = {isa = PBXBuildFile; fileRef = 31905332277FD63200115013 /* LaunchScreen.storyboard */; };
		319F679A2780768C0000E017 /* setupViewController.swift in Sources */ = {isa = PBXBuildFile; fileRef = 319F67992780768C0000E017 /* setupViewController.swift */; };
		319F679C278078800000E017 /* GoogleService-Info.plist in Resources */ = {isa = PBXBuildFile; fileRef = 319F679B278078800000E017 /* GoogleService-Info.plist */; };
		DCA4FA6B1B340D9046D6302C /* Pods_codeLab.framework in Frameworks */ = {isa = PBXBuildFile; fileRef = 4A3B9EB353D30B86161A7EF7 /* Pods_codeLab.framework */; };
/* End PBXBuildFile section */

/* Begin PBXFileReference section */
		3112C79C2780463400E6CD54 /* homeViewController.swift */ = {isa = PBXFileReference; lastKnownFileType = sourcecode.swift; path = homeViewController.swift; sourceTree = "<group>"; };
		3112C79E2780465700E6CD54 /* lessonViewController.swift */ = {isa = PBXFileReference; lastKnownFileType = sourcecode.swift; path = lessonViewController.swift; sourceTree = "<group>"; };
		3112C7A02780466A00E6CD54 /* compilerViewController.swift */ = {isa = PBXFileReference; lastKnownFileType = sourcecode.swift; path = compilerViewController.swift; sourceTree = "<group>"; };
		3112C7A6278046E300E6CD54 /* coursesViewController.swift */ = {isa = PBXFileReference; lastKnownFileType = sourcecode.swift; path = coursesViewController.swift; sourceTree = "<group>"; };
		3112C7A8278046EF00E6CD54 /* profileViewController.swift */ = {isa = PBXFileReference; lastKnownFileType = sourcecode.swift; path = profileViewController.swift; sourceTree = "<group>"; };
		31905324277FD63100115013 /* codeLab.app */ = {isa = PBXFileReference; explicitFileType = wrapper.application; includeInIndex = 0; path = codeLab.app; sourceTree = BUILT_PRODUCTS_DIR; };
		31905327277FD63100115013 /* AppDelegate.swift */ = {isa = PBXFileReference; lastKnownFileType = sourcecode.swift; path = AppDelegate.swift; sourceTree = "<group>"; };
		31905329277FD63100115013 /* SceneDelegate.swift */ = {isa = PBXFileReference; lastKnownFileType = sourcecode.swift; path = SceneDelegate.swift; sourceTree = "<group>"; };
		3190532B277FD63100115013 /* ViewController.swift */ = {isa = PBXFileReference; lastKnownFileType = sourcecode.swift; path = ViewController.swift; sourceTree = "<group>"; };
		3190532E277FD63100115013 /* Base */ = {isa = PBXFileReference; lastKnownFileType = file.storyboard; name = Base; path = Base.lproj/Main.storyboard; sourceTree = "<group>"; };
		31905330277FD63200115013 /* Assets.xcassets */ = {isa = PBXFileReference; lastKnownFileType = folder.assetcatalog; path = Assets.xcassets; sourceTree = "<group>"; };
		31905333277FD63200115013 /* Base */ = {isa = PBXFileReference; lastKnownFileType = file.storyboard; name = Base; path = Base.lproj/LaunchScreen.storyboard; sourceTree = "<group>"; };
		31905335277FD63200115013 /* Info.plist */ = {isa = PBXFileReference; lastKnownFileType = text.plist.xml; path = Info.plist; sourceTree = "<group>"; };
		319F67992780768C0000E017 /* setupViewController.swift */ = {isa = PBXFileReference; lastKnownFileType = sourcecode.swift; path = setupViewController.swift; sourceTree = "<group>"; };
		319F679B278078800000E017 /* GoogleService-Info.plist */ = {isa = PBXFileReference; fileEncoding = 4; lastKnownFileType = text.plist.xml; name = "GoogleService-Info.plist"; path = "../../../Downloads/GoogleService-Info.plist"; sourceTree = "<group>"; };
		319F679D2780BC320000E017 /* codeLab.entitlements */ = {isa = PBXFileReference; lastKnownFileType = text.plist.entitlements; path = codeLab.entitlements; sourceTree = "<group>"; };
		4A3B9EB353D30B86161A7EF7 /* Pods_codeLab.framework */ = {isa = PBXFileReference; explicitFileType = wrapper.framework; includeInIndex = 0; path = Pods_codeLab.framework; sourceTree = BUILT_PRODUCTS_DIR; };
		578B71EBE51DD0D5BC1DEFE2 /* Pods-codeLab.release.xcconfig */ = {isa = PBXFileReference; includeInIndex = 1; lastKnownFileType = text.xcconfig; name = "Pods-codeLab.release.xcconfig"; path = "Target Support Files/Pods-codeLab/Pods-codeLab.release.xcconfig"; sourceTree = "<group>"; };
		68C7F227B3192152C2001DEC /* Pods-codeLab.debug.xcconfig */ = {isa = PBXFileReference; includeInIndex = 1; lastKnownFileType = text.xcconfig; name = "Pods-codeLab.debug.xcconfig"; path = "Target Support Files/Pods-codeLab/Pods-codeLab.debug.xcconfig"; sourceTree = "<group>"; };
/* End PBXFileReference section */

/* Begin PBXFrameworksBuildPhase section */
		31905321277FD63100115013 /* Frameworks */ = {
			isa = PBXFrameworksBuildPhase;
			buildActionMask = 2147483647;
			files = (
				DCA4FA6B1B340D9046D6302C /* Pods_codeLab.framework in Frameworks */,
			);
			runOnlyForDeploymentPostprocessing = 0;
		};
/* End PBXFrameworksBuildPhase section */

/* Begin PBXGroup section */
		3112C7A5278046BE00E6CD54 /* View Controllers */ = {
			isa = PBXGroup;
			children = (
				319F67992780768C0000E017 /* setupViewController.swift */,
				3112C7A8278046EF00E6CD54 /* profileViewController.swift */,
				3112C7A6278046E300E6CD54 /* coursesViewController.swift */,
				3112C79E2780465700E6CD54 /* lessonViewController.swift */,
				3112C79C2780463400E6CD54 /* homeViewController.swift */,
				3112C7A02780466A00E6CD54 /* compilerViewController.swift */,
			);
			path = "View Controllers";
			sourceTree = "<group>";
		};
		3190531B277FD63100115013 = {
			isa = PBXGroup;
			children = (
				31905326277FD63100115013 /* codeLab */,
				31905325277FD63100115013 /* Products */,
				44CF39A09C6374615F97DBDE /* Pods */,
				6116E9D12A5CA3F5A19B5BC5 /* Frameworks */,
			);
			sourceTree = "<group>";
		};
		31905325277FD63100115013 /* Products */ = {
			isa = PBXGroup;
			children = (
				31905324277FD63100115013 /* codeLab.app */,
			);
			name = Products;
			sourceTree = "<group>";
		};
		31905326277FD63100115013 /* codeLab */ = {
			isa = PBXGroup;
			children = (
				319F679D2780BC320000E017 /* codeLab.entitlements */,
				31905327277FD63100115013 /* AppDelegate.swift */,
				31905329277FD63100115013 /* SceneDelegate.swift */,
				3190532B277FD63100115013 /* ViewController.swift */,
				3190532D277FD63100115013 /* Main.storyboard */,
				31905330277FD63200115013 /* Assets.xcassets */,
				31905332277FD63200115013 /* LaunchScreen.storyboard */,
				31905335277FD63200115013 /* Info.plist */,
				319F679B278078800000E017 /* GoogleService-Info.plist */,
				3112C7A5278046BE00E6CD54 /* View Controllers */,
			);
			path = codeLab;
			sourceTree = "<group>";
		};
		44CF39A09C6374615F97DBDE /* Pods */ = {
			isa = PBXGroup;
			children = (
				68C7F227B3192152C2001DEC /* Pods-codeLab.debug.xcconfig */,
				578B71EBE51DD0D5BC1DEFE2 /* Pods-codeLab.release.xcconfig */,
			);
			path = Pods;
			sourceTree = "<group>";
		};
		6116E9D12A5CA3F5A19B5BC5 /* Frameworks */ = {
			isa = PBXGroup;
			children = (
				4A3B9EB353D30B86161A7EF7 /* Pods_codeLab.framework */,
			);
			name = Frameworks;
			sourceTree = "<group>";
		};
/* End PBXGroup section */

/* Begin PBXNativeTarget section */
		31905323277FD63100115013 /* codeLab */ = {
			isa = PBXNativeTarget;
			buildConfigurationList = 31905338277FD63200115013 /* Build configuration list for PBXNativeTarget "codeLab" */;
			buildPhases = (
				224773F89DC117A50170DAFC /* [CP] Check Pods Manifest.lock */,
				31905320277FD63100115013 /* Sources */,
				31905321277FD63100115013 /* Frameworks */,
				31905322277FD63100115013 /* Resources */,
				A28FDA705BFBEBA45FC0228D /* [CP] Embed Pods Frameworks */,
			);
			buildRules = (
			);
			dependencies = (
			);
			name = codeLab;
			productName = codeLab;
			productReference = 31905324277FD63100115013 /* codeLab.app */;
			productType = "com.apple.product-type.application";
		};
/* End PBXNativeTarget section */

/* Begin PBXProject section */
		3190531C277FD63100115013 /* Project object */ = {
			isa = PBXProject;
			attributes = {
				BuildIndependentTargetsInParallel = 1;
				LastSwiftUpdateCheck = 1320;
				LastUpgradeCheck = 1320;
				TargetAttributes = {
					31905323277FD63100115013 = {
						CreatedOnToolsVersion = 13.2.1;
					};
				};
			};
			buildConfigurationList = 3190531F277FD63100115013 /* Build configuration list for PBXProject "codeLab" */;
			compatibilityVersion = "Xcode 13.0";
			developmentRegion = en;
			hasScannedForEncodings = 0;
			knownRegions = (
				en,
				Base,
			);
			mainGroup = 3190531B277FD63100115013;
			productRefGroup = 31905325277FD63100115013 /* Products */;
			projectDirPath = "";
			projectRoot = "";
			targets = (
				31905323277FD63100115013 /* codeLab */,
			);
		};
/* End PBXProject section */

/* Begin PBXResourcesBuildPhase section */
		31905322277FD63100115013 /* Resources */ = {
			isa = PBXResourcesBuildPhase;
			buildActionMask = 2147483647;
			files = (
				31905334277FD63200115013 /* LaunchScreen.storyboard in Resources */,
				319F679C278078800000E017 /* GoogleService-Info.plist in Resources */,
				31905331277FD63200115013 /* Assets.xcassets in Resources */,
				3190532F277FD63100115013 /* Main.storyboard in Resources */,
			);
			runOnlyForDeploymentPostprocessing = 0;
		};
/* End PBXResourcesBuildPhase section */

/* Begin PBXShellScriptBuildPhase section */
		224773F89DC117A50170DAFC /* [CP] Check Pods Manifest.lock */ = {
			isa = PBXShellScriptBuildPhase;
			buildActionMask = 2147483647;
			files = (
			);
			inputFileListPaths = (
			);
			inputPaths = (
				"${PODS_PODFILE_DIR_PATH}/Podfile.lock",
				"${PODS_ROOT}/Manifest.lock",
			);
			name = "[CP] Check Pods Manifest.lock";
			outputFileListPaths = (
			);
			outputPaths = (
				"$(DERIVED_FILE_DIR)/Pods-codeLab-checkManifestLockResult.txt",
			);
			runOnlyForDeploymentPostprocessing = 0;
			shellPath = /bin/sh;
			shellScript = "diff \"${PODS_PODFILE_DIR_PATH}/Podfile.lock\" \"${PODS_ROOT}/Manifest.lock\" > /dev/null\nif [ $? != 0 ] ; then\n    # print error to STDERR\n    echo \"error: The sandbox is not in sync with the Podfile.lock. Run 'pod install' or update your CocoaPods installation.\" >&2\n    exit 1\nfi\n# This output is used by Xcode 'outputs' to avoid re-running this script phase.\necho \"SUCCESS\" > \"${SCRIPT_OUTPUT_FILE_0}\"\n";
			showEnvVarsInLog = 0;
		};
		A28FDA705BFBEBA45FC0228D /* [CP] Embed Pods Frameworks */ = {
			isa = PBXShellScriptBuildPhase;
			buildActionMask = 2147483647;
			files = (
			);
			inputFileListPaths = (
				"${PODS_ROOT}/Target Support Files/Pods-codeLab/Pods-codeLab-frameworks-${CONFIGURATION}-input-files.xcfilelist",
			);
			name = "[CP] Embed Pods Frameworks";
			outputFileListPaths = (
				"${PODS_ROOT}/Target Support Files/Pods-codeLab/Pods-codeLab-frameworks-${CONFIGURATION}-output-files.xcfilelist",
			);
			runOnlyForDeploymentPostprocessing = 0;
			shellPath = /bin/sh;
			shellScript = "\"${PODS_ROOT}/Target Support Files/Pods-codeLab/Pods-codeLab-frameworks.sh\"\n";
			showEnvVarsInLog = 0;
		};
/* End PBXShellScriptBuildPhase section */

/* Begin PBXSourcesBuildPhase section */
		31905320277FD63100115013 /* Sources */ = {
			isa = PBXSourcesBuildPhase;
			buildActionMask = 2147483647;
			files = (
				3190532C277FD63100115013 /* ViewController.swift in Sources */,
				3112C7A12780466A00E6CD54 /* compilerViewController.swift in Sources */,
				31905328277FD63100115013 /* AppDelegate.swift in Sources */,
				3190532A277FD63100115013 /* SceneDelegate.swift in Sources */,
				3112C79D2780463400E6CD54 /* homeViewController.swift in Sources */,
				3112C79F2780465700E6CD54 /* lessonViewController.swift in Sources */,
				319F679A2780768C0000E017 /* setupViewController.swift in Sources */,
				3112C7A9278046EF00E6CD54 /* profileViewController.swift in Sources */,
				3112C7A7278046E300E6CD54 /* coursesViewController.swift in Sources */,
			);
			runOnlyForDeploymentPostprocessing = 0;
		};
/* End PBXSourcesBuildPhase section */

/* Begin PBXVariantGroup section */
		3190532D277FD63100115013 /* Main.storyboard */ = {
			isa = PBXVariantGroup;
			children = (
				3190532E277FD63100115013 /* Base */,
			);
			name = Main.storyboard;
			sourceTree = "<group>";
		};
		31905332277FD63200115013 /* LaunchScreen.storyboard */ = {
			isa = PBXVariantGroup;
			children = (
				31905333277FD63200115013 /* Base */,
			);
			name = LaunchScreen.storyboard;
			sourceTree = "<group>";
		};
/* End PBXVariantGroup section */

/* Begin XCBuildConfiguration section */
		31905336277FD63200115013 /* Debug */ = {
			isa = XCBuildConfiguration;
			buildSettings = {
				ALWAYS_SEARCH_USER_PATHS = NO;
				CLANG_ANALYZER_NONNULL = YES;
				CLANG_ANALYZER_NUMBER_OBJECT_CONVERSION = YES_AGGRESSIVE;
				CLANG_CXX_LANGUAGE_STANDARD = "gnu++17";
				CLANG_CXX_LIBRARY = "libc++";
				CLANG_ENABLE_MODULES = YES;
				CLANG_ENABLE_OBJC_ARC = YES;
				CLANG_ENABLE_OBJC_WEAK = YES;
				CLANG_WARN_BLOCK_CAPTURE_AUTORELEASING = YES;
				CLANG_WARN_BOOL_CONVERSION = YES;
				CLANG_WARN_COMMA = YES;
				CLANG_WARN_CONSTANT_CONVERSION = YES;
				CLANG_WARN_DEPRECATED_OBJC_IMPLEMENTATIONS = YES;
				CLANG_WARN_DIRECT_OBJC_ISA_USAGE = YES_ERROR;
				CLANG_WARN_DOCUMENTATION_COMMENTS = YES;
				CLANG_WARN_EMPTY_BODY = YES;
				CLANG_WARN_ENUM_CONVERSION = YES;
				CLANG_WARN_INFINITE_RECURSION = YES;
				CLANG_WARN_INT_CONVERSION = YES;
				CLANG_WARN_NON_LITERAL_NULL_CONVERSION = YES;
				CLANG_WARN_OBJC_IMPLICIT_RETAIN_SELF = YES;
				CLANG_WARN_OBJC_LITERAL_CONVERSION = YES;
				CLANG_WARN_OBJC_ROOT_CLASS = YES_ERROR;
				CLANG_WARN_QUOTED_INCLUDE_IN_FRAMEWORK_HEADER = YES;
				CLANG_WARN_RANGE_LOOP_ANALYSIS = YES;
				CLANG_WARN_STRICT_PROTOTYPES = YES;
				CLANG_WARN_SUSPICIOUS_MOVE = YES;
				CLANG_WARN_UNGUARDED_AVAILABILITY = YES_AGGRESSIVE;
				CLANG_WARN_UNREACHABLE_CODE = YES;
				CLANG_WARN__DUPLICATE_METHOD_MATCH = YES;
				COPY_PHASE_STRIP = NO;
				DEBUG_INFORMATION_FORMAT = dwarf;
				ENABLE_STRICT_OBJC_MSGSEND = YES;
				ENABLE_TESTABILITY = YES;
				GCC_C_LANGUAGE_STANDARD = gnu11;
				GCC_DYNAMIC_NO_PIC = NO;
				GCC_NO_COMMON_BLOCKS = YES;
				GCC_OPTIMIZATION_LEVEL = 0;
				GCC_PREPROCESSOR_DEFINITIONS = (
					"DEBUG=1",
					"$(inherited)",
				);
				GCC_WARN_64_TO_32_BIT_CONVERSION = YES;
				GCC_WARN_ABOUT_RETURN_TYPE = YES_ERROR;
				GCC_WARN_UNDECLARED_SELECTOR = YES;
				GCC_WARN_UNINITIALIZED_AUTOS = YES_AGGRESSIVE;
				GCC_WARN_UNUSED_FUNCTION = YES;
				GCC_WARN_UNUSED_VARIABLE = YES;
				IPHONEOS_DEPLOYMENT_TARGET = 15.2;
				MTL_ENABLE_DEBUG_INFO = INCLUDE_SOURCE;
				MTL_FAST_MATH = YES;
				ONLY_ACTIVE_ARCH = YES;
				SDKROOT = iphoneos;
				SWIFT_ACTIVE_COMPILATION_CONDITIONS = DEBUG;
				SWIFT_OPTIMIZATION_LEVEL = "-Onone";
			};
			name = Debug;
		};
		31905337277FD63200115013 /* Release */ = {
			isa = XCBuildConfiguration;
			buildSettings = {
				ALWAYS_SEARCH_USER_PATHS = NO;
				CLANG_ANALYZER_NONNULL = YES;
				CLANG_ANALYZER_NUMBER_OBJECT_CONVERSION = YES_AGGRESSIVE;
				CLANG_CXX_LANGUAGE_STANDARD = "gnu++17";
				CLANG_CXX_LIBRARY = "libc++";
				CLANG_ENABLE_MODULES = YES;
				CLANG_ENABLE_OBJC_ARC = YES;
				CLANG_ENABLE_OBJC_WEAK = YES;
				CLANG_WARN_BLOCK_CAPTURE_AUTORELEASING = YES;
				CLANG_WARN_BOOL_CONVERSION = YES;
				CLANG_WARN_COMMA = YES;
				CLANG_WARN_CONSTANT_CONVERSION = YES;
				CLANG_WARN_DEPRECATED_OBJC_IMPLEMENTATIONS = YES;
				CLANG_WARN_DIRECT_OBJC_ISA_USAGE = YES_ERROR;
				CLANG_WARN_DOCUMENTATION_COMMENTS = YES;
				CLANG_WARN_EMPTY_BODY = YES;
				CLANG_WARN_ENUM_CONVERSION = YES;
				CLANG_WARN_INFINITE_RECURSION = YES;
				CLANG_WARN_INT_CONVERSION = YES;
				CLANG_WARN_NON_LITERAL_NULL_CONVERSION = YES;
				CLANG_WARN_OBJC_IMPLICIT_RETAIN_SELF = YES;
				CLANG_WARN_OBJC_LITERAL_CONVERSION = YES;
				CLANG_WARN_OBJC_ROOT_CLASS = YES_ERROR;
				CLANG_WARN_QUOTED_INCLUDE_IN_FRAMEWORK_HEADER = YES;
				CLANG_WARN_RANGE_LOOP_ANALYSIS = YES;
				CLANG_WARN_STRICT_PROTOTYPES = YES;
				CLANG_WARN_SUSPICIOUS_MOVE = YES;
				CLANG_WARN_UNGUARDED_AVAILABILITY = YES_AGGRESSIVE;
				CLANG_WARN_UNREACHABLE_CODE = YES;
				CLANG_WARN__DUPLICATE_METHOD_MATCH = YES;
				COPY_PHASE_STRIP = NO;
				DEBUG_INFORMATION_FORMAT = "dwarf-with-dsym";
				ENABLE_NS_ASSERTIONS = NO;
				ENABLE_STRICT_OBJC_MSGSEND = YES;
				GCC_C_LANGUAGE_STANDARD = gnu11;
				GCC_NO_COMMON_BLOCKS = YES;
				GCC_WARN_64_TO_32_BIT_CONVERSION = YES;
				GCC_WARN_ABOUT_RETURN_TYPE = YES_ERROR;
				GCC_WARN_UNDECLARED_SELECTOR = YES;
				GCC_WARN_UNINITIALIZED_AUTOS = YES_AGGRESSIVE;
				GCC_WARN_UNUSED_FUNCTION = YES;
				GCC_WARN_UNUSED_VARIABLE = YES;
				IPHONEOS_DEPLOYMENT_TARGET = 15.2;
				MTL_ENABLE_DEBUG_INFO = NO;
				MTL_FAST_MATH = YES;
				SDKROOT = iphoneos;
				SWIFT_COMPILATION_MODE = wholemodule;
				SWIFT_OPTIMIZATION_LEVEL = "-O";
				VALIDATE_PRODUCT = YES;
			};
			name = Release;
		};
		31905339277FD63200115013 /* Debug */ = {
			isa = XCBuildConfiguration;
			baseConfigurationReference = 68C7F227B3192152C2001DEC /* Pods-codeLab.debug.xcconfig */;
			buildSettings = {
				ASSETCATALOG_COMPILER_APPICON_NAME = AppIcon;
				ASSETCATALOG_COMPILER_GLOBAL_ACCENT_COLOR_NAME = AccentColor;
				CODE_SIGN_ENTITLEMENTS = codeLab/codeLab.entitlements;
				CODE_SIGN_STYLE = Automatic;
				CURRENT_PROJECT_VERSION = 1;
				DEVELOPMENT_TEAM = 76V43E9CWT;
				GENERATE_INFOPLIST_FILE = YES;
				INFOPLIST_FILE = codeLab/Info.plist;
				INFOPLIST_KEY_UIApplicationSupportsIndirectInputEvents = YES;
				INFOPLIST_KEY_UILaunchStoryboardName = LaunchScreen;
				INFOPLIST_KEY_UISupportedInterfaceOrientations_iPad = "UIInterfaceOrientationPortrait UIInterfaceOrientationPortraitUpsideDown UIInterfaceOrientationLandscapeLeft UIInterfaceOrientationLandscapeRight";
				INFOPLIST_KEY_UISupportedInterfaceOrientations_iPhone = "UIInterfaceOrientationPortrait UIInterfaceOrientationLandscapeLeft UIInterfaceOrientationLandscapeRight";
				IPHONEOS_DEPLOYMENT_TARGET = 15.0;
				LD_RUNPATH_SEARCH_PATHS = (
					"$(inherited)",
					"@executable_path/Frameworks",
				);
				MARKETING_VERSION = 1.0;
				PRODUCT_BUNDLE_IDENTIFIER = com.Alfie.codeLab;
				PRODUCT_NAME = "$(TARGET_NAME)";
				SUPPORTS_MACCATALYST = YES;
				SWIFT_EMIT_LOC_STRINGS = YES;
				SWIFT_VERSION = 5.0;
				TARGETED_DEVICE_FAMILY = "1,2";
			};
			name = Debug;
		};
		3190533A277FD63200115013 /* Release */ = {
			isa = XCBuildConfiguration;
			baseConfigurationReference = 578B71EBE51DD0D5BC1DEFE2 /* Pods-codeLab.release.xcconfig */;
			buildSettings = {
				ASSETCATALOG_COMPILER_APPICON_NAME = AppIcon;
				ASSETCATALOG_COMPILER_GLOBAL_ACCENT_COLOR_NAME = AccentColor;
				CODE_SIGN_ENTITLEMENTS = codeLab/codeLab.entitlements;
				CODE_SIGN_STYLE = Automatic;
				CURRENT_PROJECT_VERSION = 1;
				DEVELOPMENT_TEAM = 76V43E9CWT;
				GENERATE_INFOPLIST_FILE = YES;
				INFOPLIST_FILE = codeLab/Info.plist;
				INFOPLIST_KEY_UIApplicationSupportsIndirectInputEvents = YES;
				INFOPLIST_KEY_UILaunchStoryboardName = LaunchScreen;
				INFOPLIST_KEY_UISupportedInterfaceOrientations_iPad = "UIInterfaceOrientationPortrait UIInterfaceOrientationPortraitUpsideDown UIInterfaceOrientationLandscapeLeft UIInterfaceOrientationLandscapeRight";
				INFOPLIST_KEY_UISupportedInterfaceOrientations_iPhone = "UIInterfaceOrientationPortrait UIInterfaceOrientationLandscapeLeft UIInterfaceOrientationLandscapeRight";
				IPHONEOS_DEPLOYMENT_TARGET = 15.0;
				LD_RUNPATH_SEARCH_PATHS = (
					"$(inherited)",
					"@executable_path/Frameworks",
				);
				MARKETING_VERSION = 1.0;
				PRODUCT_BUNDLE_IDENTIFIER = com.Alfie.codeLab;
				PRODUCT_NAME = "$(TARGET_NAME)";
				SUPPORTS_MACCATALYST = YES;
				SWIFT_EMIT_LOC_STRINGS = YES;
				SWIFT_VERSION = 5.0;
				TARGETED_DEVICE_FAMILY = "1,2";
			};
			name = Release;
		};
/* End XCBuildConfiguration section */

/* Begin XCConfigurationList section */
		3190531F277FD63100115013 /* Build configuration list for PBXProject "codeLab" */ = {
			isa = XCConfigurationList;
			buildConfigurations = (
				31905336277FD63200115013 /* Debug */,
				31905337277FD63200115013 /* Release */,
			);
			defaultConfigurationIsVisible = 0;
			defaultConfigurationName = Release;
		};
		31905338277FD63200115013 /* Build configuration list for PBXNativeTarget "codeLab" */ = {
			isa = XCConfigurationList;
			buildConfigurations = (
				31905339277FD63200115013 /* Debug */,
				3190533A277FD63200115013 /* Release */,
			);
			defaultConfigurationIsVisible = 0;
			defaultConfigurationName = Release;
		};
/* End XCConfigurationList section */
	};
	rootObject = 3190531C277FD63100115013 /* Project object */;
}
